
Microsoft Visual Studio Solution File, Format Version 12.00
# Visual Studio Version 16
VisualStudioVersion = 16.0.29001.49
MinimumVisualStudioVersion = 10.0.40219.1
Project("{888888A0-9F3D-457C-B088-3A5042F75D52}") = "WebProjectPy1", "WebProjectPy1\WebProjectPy1.pyproj", "{8B34390A-0722-4664-9E6F-7F43AAA897A2}"
EndProject
Global
	GlobalSection(SolutionConfigurationPlatforms) = preSolution
		Debug|Any CPU = Debug|Any CPU
		Release|Any CPU = Release|Any CPU
	EndGlobalSection
	GlobalSection(ProjectConfigurationPlatforms) = postSolution
		{8B34390A-0722-4664-9E6F-7F43AAA897A2}.Debug|Any CPU.ActiveCfg = Debug|Any CPU
		{8B34390A-0722-4664-9E6F-7F43AAA897A2}.Debug|Any CPU.Build.0 = Debug|Any CPU
		{8B34390A-0722-4664-9E6F-7F43AAA897A2}.Release|Any CPU.ActiveCfg = Release|Any CPU
		{8B34390A-0722-4664-9E6F-7F43AAA897A2}.Release|Any CPU.Build.0 = Release|Any CPU
	EndGlobalSection
	GlobalSection(SolutionProperties) = preSolution
		HideSolutionNode = FALSE
	EndGlobalSection
	GlobalSection(ExtensibilityGlobals) = postSolution
		SolutionGuid = {7FE3348C-F559-4711-AB65-48B6E1CC02F2}
	EndGlobalSection
EndGlobal
